// !$*UTF8*$!
{
	archiveVersion = 1;
	classes = {
	};
	objectVersion = 46;
	objects = {

/* Begin PBXBuildFile section */
		3611E36425B71FCD007182D8 /* DoodleCollectionViewCell.swift in Sources */ = {isa = PBXBuildFile; fileRef = 3611E36325B71FCD007182D8 /* DoodleCollectionViewCell.swift */; };
		F4C6A7771DD6CB7000A6FBF4 /* AppDelegate.swift in Sources */ = {isa = PBXBuildFile; fileRef = F4C6A7761DD6CB7000A6FBF4 /* AppDelegate.swift */; };
		F4C6A77C1DD6CB7000A6FBF4 /* Main.storyboard in Resources */ = {isa = PBXBuildFile; fileRef = F4C6A77A1DD6CB7000A6FBF4 /* Main.storyboard */; };
		F4C6A77E1DD6CB7000A6FBF4 /* Assets.xcassets in Resources */ = {isa = PBXBuildFile; fileRef = F4C6A77D1DD6CB7000A6FBF4 /* Assets.xcassets */; };
		F4C6A7811DD6CB7000A6FBF4 /* LaunchScreen.storyboard in Resources */ = {isa = PBXBuildFile; fileRef = F4C6A77F1DD6CB7000A6FBF4 /* LaunchScreen.storyboard */; };
		F4C6A7891DD6CB8500A6FBF4 /* DoodleViewController.swift in Sources */ = {isa = PBXBuildFile; fileRef = F4C6A7881DD6CB8500A6FBF4 /* DoodleViewController.swift */; };
/* End PBXBuildFile section */

/* Begin PBXFileReference section */
		3611E36325B71FCD007182D8 /* DoodleCollectionViewCell.swift */ = {isa = PBXFileReference; lastKnownFileType = sourcecode.swift; path = DoodleCollectionViewCell.swift; sourceTree = "<group>"; };
		F4C6A7731DD6CB7000A6FBF4 /* DoodleFun.app */ = {isa = PBXFileReference; explicitFileType = wrapper.application; includeInIndex = 0; path = DoodleFun.app; sourceTree = BUILT_PRODUCTS_DIR; };
		F4C6A7761DD6CB7000A6FBF4 /* AppDelegate.swift */ = {isa = PBXFileReference; lastKnownFileType = sourcecode.swift; path = AppDelegate.swift; sourceTree = "<group>"; };
		F4C6A77B1DD6CB7000A6FBF4 /* Base */ = {isa = PBXFileReference; lastKnownFileType = file.storyboard; name = Base; path = Base.lproj/Main.storyboard; sourceTree = "<group>"; };
		F4C6A77D1DD6CB7000A6FBF4 /* Assets.xcassets */ = {isa = PBXFileReference; lastKnownFileType = folder.assetcatalog; path = Assets.xcassets; sourceTree = "<group>"; };
		F4C6A7801DD6CB7000A6FBF4 /* Base */ = {isa = PBXFileReference; lastKnownFileType = file.storyboard; name = Base; path = Base.lproj/LaunchScreen.storyboard; sourceTree = "<group>"; };
		F4C6A7821DD6CB7000A6FBF4 /* Info.plist */ = {isa = PBXFileReference; lastKnownFileType = text.plist.xml; path = Info.plist; sourceTree = "<group>"; };
		F4C6A7881DD6CB8500A6FBF4 /* DoodleViewController.swift */ = {isa = PBXFileReference; fileEncoding = 4; lastKnownFileType = sourcecode.swift; path = DoodleViewController.swift; sourceTree = "<group>"; };
/* End PBXFileReference section */

/* Begin PBXFrameworksBuildPhase section */
		F4C6A7701DD6CB7000A6FBF4 /* Frameworks */ = {
			isa = PBXFrameworksBuildPhase;
			buildActionMask = 2147483647;
			files = (
			);
			runOnlyForDeploymentPostprocessing = 0;
		};
/* End PBXFrameworksBuildPhase section */

/* Begin PBXGroup section */
		F4C6A76A1DD6CB7000A6FBF4 = {
			isa = PBXGroup;
			children = (
				F4C6A7751DD6CB7000A6FBF4 /* DoodleFun */,
				F4C6A7741DD6CB7000A6FBF4 /* Products */,
			);
			sourceTree = "<group>";
		};
		F4C6A7741DD6CB7000A6FBF4 /* Products */ = {
			isa = PBXGroup;
			children = (
				F4C6A7731DD6CB7000A6FBF4 /* DoodleFun.app */,
			);
			name = Products;
			sourceTree = "<group>";
		};
		F4C6A7751DD6CB7000A6FBF4 /* DoodleFun */ = {
			isa = PBXGroup;
			children = (
				F4C6A7761DD6CB7000A6FBF4 /* AppDelegate.swift */,
				F4C6A77F1DD6CB7000A6FBF4 /* LaunchScreen.storyboard */,
				F4C6A77A1DD6CB7000A6FBF4 /* Main.storyboard */,
				3611E36325B71FCD007182D8 /* DoodleCollectionViewCell.swift */,
				F4C6A7881DD6CB8500A6FBF4 /* DoodleViewController.swift */,
				F4C6A77D1DD6CB7000A6FBF4 /* Assets.xcassets */,
				F4C6A7821DD6CB7000A6FBF4 /* Info.plist */,
			);
			path = DoodleFun;
			sourceTree = "<group>";
		};
/* End PBXGroup section */

/* Begin PBXNativeTarget section */
		F4C6A7721DD6CB7000A6FBF4 /* DoodleFun */ = {
			isa = PBXNativeTarget;
			buildConfigurationList = F4C6A7851DD6CB7000A6FBF4 /* Build configuration list for PBXNativeTarget "DoodleFun" */;
			buildPhases = (
				F4C6A76F1DD6CB7000A6FBF4 /* Sources */,
				F4C6A7701DD6CB7000A6FBF4 /* Frameworks */,
				F4C6A7711DD6CB7000A6FBF4 /* Resources */,
			);
			buildRules = (
			);
			dependencies = (
			);
			name = DoodleFun;
			productName = DoodleFun;
			productReference = F4C6A7731DD6CB7000A6FBF4 /* DoodleFun.app */;
			productType = "com.apple.product-type.application";
		};
/* End PBXNativeTarget section */

/* Begin PBXProject section */
		F4C6A76B1DD6CB7000A6FBF4 /* Project object */ = {
			isa = PBXProject;
			attributes = {
				LastSwiftUpdateCheck = 0810;
				LastUpgradeCheck = 1220;
				ORGANIZATIONNAME = AppCoda;
				TargetAttributes = {
					F4C6A7721DD6CB7000A6FBF4 = {
						CreatedOnToolsVersion = 8.1;
						LastSwiftMigration = 1130;
						ProvisioningStyle = Automatic;
					};
				};
			};
			buildConfigurationList = F4C6A76E1DD6CB7000A6FBF4 /* Build configuration list for PBXProject "DoodleFun" */;
			compatibilityVersion = "Xcode 3.2";
			developmentRegion = en;
			hasScannedForEncodings = 0;
			knownRegions = (
				en,
				Base,
			);
			mainGroup = F4C6A76A1DD6CB7000A6FBF4;
			productRefGroup = F4C6A7741DD6CB7000A6FBF4 /* Products */;
			projectDirPath = "";
			projectRoot = "";
			targets = (
				F4C6A7721DD6CB7000A6FBF4 /* DoodleFun */,
			);
		};
/* End PBXProject section */

/* Begin PBXResourcesBuildPhase section */
		F4C6A7711DD6CB7000A6FBF4 /* Resources */ = {
			isa = PBXResourcesBuildPhase;
			buildActionMask = 2147483647;
			files = (
				F4C6A7811DD6CB7000A6FBF4 /* LaunchScreen.storyboard in Resources */,
				F4C6A77E1DD6CB7000A6FBF4 /* Assets.xcassets in Resources */,
				F4C6A77C1DD6CB7000A6FBF4 /* Main.storyboard in Resources */,
			);
			runOnlyForDeploymentPostprocessing = 0;
		};
/* End PBXResourcesBuildPhase section */

/* Begin PBXSourcesBuildPhase section */
		F4C6A76F1DD6CB7000A6FBF4 /* Sources */ = {
			isa = PBXSourcesBuildPhase;
			buildActionMask = 2147483647;
			files = (
				F4C6A7771DD6CB7000A6FBF4 /* AppDelegate.swift in Sources */,
				3611E36425B71FCD007182D8 /* DoodleCollectionViewCell.swift in Sources */,
				F4C6A7891DD6CB8500A6FBF4 /* DoodleViewController.swift in Sources */,
			);
			runOnlyForDeploymentPostprocessing = 0;
		};
/* End PBXSourcesBuildPhase section */

/* Begin PBXVariantGroup section */
		F4C6A77A1DD6CB7000A6FBF4 /* Main.storyboard */ = {
			isa = PBXVariantGroup;
			children = (
				F4C6A77B1DD6CB7000A6FBF4 /* Base */,
			);
			name = Main.storyboard;
			sourceTree = "<group>";
		};
		F4C6A77F1DD6CB7000A6FBF4 /* LaunchScreen.storyboard */ = {
			isa = PBXVariantGroup;
			children = (
				F4C6A7801DD6CB7000A6FBF4 /* Base */,
			);
			name = LaunchScreen.storyboard;
			sourceTree = "<group>";
		};
/* End PBXVariantGroup section */

/* Begin XCBuildConfiguration section */
		F4C6A7831DD6CB7000A6FBF4 /* Debug */ = {
			isa = XCBuildConfiguration;
			buildSettings = {
				ALWAYS_SEARCH_USER_PATHS = NO;
				CLANG_ANALYZER_LOCALIZABILITY_NONLOCALIZED = YES;
				CLANG_ANALYZER_NONNULL = YES;
				CLANG_CXX_LANGUAGE_STANDARD = "gnu++0x";
				CLANG_CXX_LIBRARY = "libc++";
				CLANG_ENABLE_MODULES = YES;
				CLANG_ENABLE_OBJC_ARC = YES;
				CLANG_WARN_BLOCK_CAPTURE_AUTORELEASING = YES;
				CLANG_WARN_BOOL_CONVERSION = YES;
				CLANG_WARN_COMMA = YES;
				CLANG_WARN_CONSTANT_CONVERSION = YES;
				CLANG_WARN_DEPRECATED_OBJC_IMPLEMENTATIONS = YES;
				CLANG_WARN_DIRECT_OBJC_ISA_USAGE = YES_ERROR;
				CLANG_WARN_DOCUMENTATION_COMMENTS = YES;
				CLANG_WARN_EMPTY_BODY = YES;
				CLANG_WARN_ENUM_CONVERSION = YES;
				CLANG_WARN_INFINITE_RECURSION = YES;
				CLANG_WARN_INT_CONVERSION = YES;
				CLANG_WARN_NON_LITERAL_NULL_CONVERSION = YES;
				CLANG_WARN_OBJC_IMPLICIT_RETAIN_SELF = YES;
				CLANG_WARN_OBJC_LITERAL_CONVERSION = YES;
				CLANG_WARN_OBJC_ROOT_CLASS = YES_ERROR;
				CLANG_WARN_QUOTED_INCLUDE_IN_FRAMEWORK_HEADER = YES;
				CLANG_WARN_RANGE_LOOP_ANALYSIS = YES;
				CLANG_WARN_STRICT_PROTOTYPES = YES;
				CLANG_WARN_SUSPICIOUS_MOVE = YES;
				CLANG_WARN_SUSPICIOUS_MOVES = YES;
				CLANG_WARN_UNREACHABLE_CODE = YES;
				CLANG_WARN__DUPLICATE_METHOD_MATCH = YES;
				"CODE_SIGN_IDENTITY[sdk=iphoneos*]" = "iPhone Developer";
				COPY_PHASE_STRIP = NO;
				DEBUG_INFORMATION_FORMAT = dwarf;
				ENABLE_STRICT_OBJC_MSGSEND = YES;
				ENABLE_TESTABILITY = YES;
				GCC_C_LANGUAGE_STANDARD = gnu99;
				GCC_DYNAMIC_NO_PIC = NO;
				GCC_NO_COMMON_BLOCKS = YES;
				GCC_OPTIMIZATION_LEVEL = 0;
				GCC_PREPROCESSOR_DEFINITIONS = (
					"DEBUG=1",
					"$(inherited)",
				);
				GCC_WARN_64_TO_32_BIT_CONVERSION = YES;
				GCC_WARN_ABOUT_RETURN_TYPE = YES_ERROR;
				GCC_WARN_UNDECLARED_SELECTOR = YES;
				GCC_WARN_UNINITIALIZED_AUTOS = YES_AGGRESSIVE;
				GCC_WARN_UNUSED_FUNCTION = YES;
				GCC_WARN_UNUSED_VARIABLE = YES;
				IPHONEOS_DEPLOYMENT_TARGET = 12.0;
				MTL_ENABLE_DEBUG_INFO = YES;
				ONLY_ACTIVE_ARCH = YES;
				SDKROOT = iphoneos;
				SWIFT_ACTIVE_COMPILATION_CONDITIONS = DEBUG;
				SWIFT_OPTIMIZATION_LEVEL = "-Onone";
			};
			name = Debug;
		};
		F4C6A7841DD6CB7000A6FBF4 /* Release */ = {
			isa = XCBuildConfiguration;
			buildSettings = {
				ALWAYS_SEARCH_USER_PATHS = NO;
				CLANG_ANALYZER_LOCALIZABILITY_NONLOCALIZED = YES;
				CLANG_ANALYZER_NONNULL = YES;
				CLANG_CXX_LANGUAGE_STANDARD = "gnu++0x";
				CLANG_CXX_LIBRARY = "libc++";
				CLANG_ENABLE_MODULES = YES;
				CLANG_ENABLE_OBJC_ARC = YES;
				CLANG_WARN_BLOCK_CAPTURE_AUTORELEASING = YES;
				CLANG_WARN_BOOL_CONVERSION = YES;
				CLANG_WARN_COMMA = YES;
				CLANG_WARN_CONSTANT_CONVERSION = YES;
				CLANG_WARN_DEPRECATED_OBJC_IMPLEMENTATIONS = YES;
				CLANG_WARN_DIRECT_OBJC_ISA_USAGE = YES_ERROR;
				CLANG_WARN_DOCUMENTATION_COMMENTS = YES;
				CLANG_WARN_EMPTY_BODY = YES;
				CLANG_WARN_ENUM_CONVERSION = YES;
				CLANG_WARN_INFINITE_RECURSION = YES;
				CLANG_WARN_INT_CONVERSION = YES;
				CLANG_WARN_NON_LITERAL_NULL_CONVERSION = YES;
				CLANG_WARN_OBJC_IMPLICIT_RETAIN_SELF = YES;
				CLANG_WARN_OBJC_LITERAL_CONVERSION = YES;
				CLANG_WARN_OBJC_ROOT_CLASS = YES_ERROR;
				CLANG_WARN_QUOTED_INCLUDE_IN_FRAMEWORK_HEADER = YES;
				CLANG_WARN_RANGE_LOOP_ANALYSIS = YES;
				CLANG_WARN_STRICT_PROTOTYPES = YES;
				CLANG_WARN_SUSPICIOUS_MOVE = YES;
				CLANG_WARN_SUSPICIOUS_MOVES = YES;
				CLANG_WARN_UNREACHABLE_CODE = YES;
				CLANG_WARN__DUPLICATE_METHOD_MATCH = YES;
				"CODE_SIGN_IDENTITY[sdk=iphoneos*]" = "iPhone Developer";
				COPY_PHASE_STRIP = NO;
				DEBUG_INFORMATION_FORMAT = "dwarf-with-dsym";
				ENABLE_NS_ASSERTIONS = NO;
				ENABLE_STRICT_OBJC_MSGSEND = YES;
				GCC_C_LANGUAGE_STANDARD = gnu99;
				GCC_NO_COMMON_BLOCKS = YES;
				GCC_WARN_64_TO_32_BIT_CONVERSION = YES;
				GCC_WARN_ABOUT_RETURN_TYPE = YES_ERROR;
				GCC_WARN_UNDECLARED_SELECTOR = YES;
				GCC_WARN_UNINITIALIZED_AUTOS = YES_AGGRESSIVE;
				GCC_WARN_UNUSED_FUNCTION = YES;
				GCC_WARN_UNUSED_VARIABLE = YES;
				IPHONEOS_DEPLOYMENT_TARGET = 12.0;
				MTL_ENABLE_DEBUG_INFO = NO;
				SDKROOT = iphoneos;
				SWIFT_OPTIMIZATION_LEVEL = "-Owholemodule";
				VALIDATE_PRODUCT = YES;
			};
			name = Release;
		};
		F4C6A7861DD6CB7000A6FBF4 /* Debug */ = {
			isa = XCBuildConfiguration;
			buildSettings = {
				ASSETCATALOG_COMPILER_APPICON_NAME = AppIcon;
				INFOPLIST_FILE = DoodleFun/Info.plist;
				LD_RUNPATH_SEARCH_PATHS = "$(inherited) @executable_path/Frameworks";
				PRODUCT_BUNDLE_IDENTIFIER = com.appcoda.DoodleFun;
				PRODUCT_NAME = "$(TARGET_NAME)";
				SWIFT_SWIFT3_OBJC_INFERENCE = Off;
				SWIFT_VERSION = 5.0;
				TARGETED_DEVICE_FAMILY = "1,2";
			};
			name = Debug;
		};
		F4C6A7871DD6CB7000A6FBF4 /* Release */ = {
			isa = XCBuildConfiguration;
			buildSettings = {
				ASSETCATALOG_COMPILER_APPICON_NAME = AppIcon;
				INFOPLIST_FILE = DoodleFun/Info.plist;
				LD_RUNPATH_SEARCH_PATHS = "$(inherited) @executable_path/Frameworks";
				PRODUCT_BUNDLE_IDENTIFIER = com.appcoda.DoodleFun;
				PRODUCT_NAME = "$(TARGET_NAME)";
				SWIFT_SWIFT3_OBJC_INFERENCE = Off;
				SWIFT_VERSION = 5.0;
				TARGETED_DEVICE_FAMILY = "1,2";
			};
			name = Release;
		};
/* End XCBuildConfiguration section */

/* Begin XCConfigurationList section */
		F4C6A76E1DD6CB7000A6FBF4 /* Build configuration list for PBXProject "DoodleFun" */ = {
			isa = XCConfigurationList;
			buildConfigurations = (
				F4C6A7831DD6CB7000A6FBF4 /* Debug */,
				F4C6A7841DD6CB7000A6FBF4 /* Release */,
			);
			defaultConfigurationIsVisible = 0;
			defaultConfigurationName = Release;
		};
		F4C6A7851DD6CB7000A6FBF4 /* Build configuration list for PBXNativeTarget "DoodleFun" */ = {
			isa = XCConfigurationList;
			buildConfigurations = (
				F4C6A7861DD6CB7000A6FBF4 /* Debug */,
				F4C6A7871DD6CB7000A6FBF4 /* Release */,
			);
			defaultConfigurationIsVisible = 0;
			defaultConfigurationName = Release;
		};
/* End XCConfigurationList section */
	};
	rootObject = F4C6A76B1DD6CB7000A6FBF4 /* Project object */;
}
