// !$*UTF8*$!
{
	archiveVersion = 1;
	classes = {
	};
	objectVersion = 50;
	objects = {

/* Begin PBXBuildFile section */
		3694DA8625C2F87300CF8788 /* AppDelegate.swift in Sources */ = {isa = PBXBuildFile; fileRef = 3694DA8525C2F87300CF8788 /* AppDelegate.swift */; };
		3694DA8825C2F87300CF8788 /* SceneDelegate.swift in Sources */ = {isa = PBXBuildFile; fileRef = 3694DA8725C2F87300CF8788 /* SceneDelegate.swift */; };
		3694DA8A25C2F87300CF8788 /* FancyViewController.swift in Sources */ = {isa = PBXBuildFile; fileRef = 3694DA8925C2F87300CF8788 /* FancyViewController.swift */; };
		3694DA8D25C2F87300CF8788 /* Main.storyboard in Resources */ = {isa = PBXBuildFile; fileRef = 3694DA8B25C2F87300CF8788 /* Main.storyboard */; };
		3694DA8F25C2F87700CF8788 /* Assets.xcassets in Resources */ = {isa = PBXBuildFile; fileRef = 3694DA8E25C2F87700CF8788 /* Assets.xcassets */; };
		3694DA9225C2F87700CF8788 /* LaunchScreen.storyboard in Resources */ = {isa = PBXBuildFile; fileRef = 3694DA9025C2F87700CF8788 /* LaunchScreen.storyboard */; };
		3694DA9C25C2F95800CF8788 /* FancyButton.swift in Sources */ = {isa = PBXBuildFile; fileRef = 3694DA9B25C2F95800CF8788 /* FancyButton.swift */; };
/* End PBXBuildFile section */

/* Begin PBXFileReference section */
		3694DA8225C2F87300CF8788 /* FancyButton.app */ = {isa = PBXFileReference; explicitFileType = wrapper.application; includeInIndex = 0; path = FancyButton.app; sourceTree = BUILT_PRODUCTS_DIR; };
		3694DA8525C2F87300CF8788 /* AppDelegate.swift */ = {isa = PBXFileReference; lastKnownFileType = sourcecode.swift; path = AppDelegate.swift; sourceTree = "<group>"; };
		3694DA8725C2F87300CF8788 /* SceneDelegate.swift */ = {isa = PBXFileReference; lastKnownFileType = sourcecode.swift; path = SceneDelegate.swift; sourceTree = "<group>"; };
		3694DA8925C2F87300CF8788 /* FancyViewController.swift */ = {isa = PBXFileReference; lastKnownFileType = sourcecode.swift; path = FancyViewController.swift; sourceTree = "<group>"; };
		3694DA8C25C2F87300CF8788 /* Base */ = {isa = PBXFileReference; lastKnownFileType = file.storyboard; name = Base; path = Base.lproj/Main.storyboard; sourceTree = "<group>"; };
		3694DA8E25C2F87700CF8788 /* Assets.xcassets */ = {isa = PBXFileReference; lastKnownFileType = folder.assetcatalog; path = Assets.xcassets; sourceTree = "<group>"; };
		3694DA9125C2F87700CF8788 /* Base */ = {isa = PBXFileReference; lastKnownFileType = file.storyboard; name = Base; path = Base.lproj/LaunchScreen.storyboard; sourceTree = "<group>"; };
		3694DA9325C2F87700CF8788 /* Info.plist */ = {isa = PBXFileReference; lastKnownFileType = text.plist.xml; path = Info.plist; sourceTree = "<group>"; };
		3694DA9B25C2F95800CF8788 /* FancyButton.swift */ = {isa = PBXFileReference; lastKnownFileType = sourcecode.swift; path = FancyButton.swift; sourceTree = "<group>"; };
/* End PBXFileReference section */

/* Begin PBXFrameworksBuildPhase section */
		3694DA7F25C2F87300CF8788 /* Frameworks */ = {
			isa = PBXFrameworksBuildPhase;
			buildActionMask = 2147483647;
			files = (
			);
			runOnlyForDeploymentPostprocessing = 0;
		};
/* End PBXFrameworksBuildPhase section */

/* Begin PBXGroup section */
		3694DA7925C2F87300CF8788 = {
			isa = PBXGroup;
			children = (
				3694DA8425C2F87300CF8788 /* FancyButton */,
				3694DA8325C2F87300CF8788 /* Products */,
			);
			sourceTree = "<group>";
		};
		3694DA8325C2F87300CF8788 /* Products */ = {
			isa = PBXGroup;
			children = (
				3694DA8225C2F87300CF8788 /* FancyButton.app */,
			);
			name = Products;
			sourceTree = "<group>";
		};
		3694DA8425C2F87300CF8788 /* FancyButton */ = {
			isa = PBXGroup;
			children = (
				3694DA8525C2F87300CF8788 /* AppDelegate.swift */,
				3694DA8725C2F87300CF8788 /* SceneDelegate.swift */,
				3694DA9025C2F87700CF8788 /* LaunchScreen.storyboard */,
				3694DA8B25C2F87300CF8788 /* Main.storyboard */,
				3694DA9B25C2F95800CF8788 /* FancyButton.swift */,
				3694DA8925C2F87300CF8788 /* FancyViewController.swift */,
				3694DA8E25C2F87700CF8788 /* Assets.xcassets */,
				3694DA9325C2F87700CF8788 /* Info.plist */,
			);
			path = FancyButton;
			sourceTree = "<group>";
		};
/* End PBXGroup section */

/* Begin PBXNativeTarget section */
		3694DA8125C2F87300CF8788 /* FancyButton */ = {
			isa = PBXNativeTarget;
			buildConfigurationList = 3694DA9625C2F87700CF8788 /* Build configuration list for PBXNativeTarget "FancyButton" */;
			buildPhases = (
				3694DA7E25C2F87300CF8788 /* Sources */,
				3694DA7F25C2F87300CF8788 /* Frameworks */,
				3694DA8025C2F87300CF8788 /* Resources */,
			);
			buildRules = (
			);
			dependencies = (
			);
			name = FancyButton;
			productName = FancyButton;
			productReference = 3694DA8225C2F87300CF8788 /* FancyButton.app */;
			productType = "com.apple.product-type.application";
		};
/* End PBXNativeTarget section */

/* Begin PBXProject section */
		3694DA7A25C2F87300CF8788 /* Project object */ = {
			isa = PBXProject;
			attributes = {
				LastSwiftUpdateCheck = 1220;
				LastUpgradeCheck = 1220;
				TargetAttributes = {
					3694DA8125C2F87300CF8788 = {
						CreatedOnToolsVersion = 12.2;
					};
				};
			};
			buildConfigurationList = 3694DA7D25C2F87300CF8788 /* Build configuration list for PBXProject "FancyButton" */;
			compatibilityVersion = "Xcode 9.3";
			developmentRegion = en;
			hasScannedForEncodings = 0;
			knownRegions = (
				en,
				Base,
			);
			mainGroup = 3694DA7925C2F87300CF8788;
			productRefGroup = 3694DA8325C2F87300CF8788 /* Products */;
			projectDirPath = "";
			projectRoot = "";
			targets = (
				3694DA8125C2F87300CF8788 /* FancyButton */,
			);
		};
/* End PBXProject section */

/* Begin PBXResourcesBuildPhase section */
		3694DA8025C2F87300CF8788 /* Resources */ = {
			isa = PBXResourcesBuildPhase;
			buildActionMask = 2147483647;
			files = (
				3694DA9225C2F87700CF8788 /* LaunchScreen.storyboard in Resources */,
				3694DA8F25C2F87700CF8788 /* Assets.xcassets in Resources */,
				3694DA8D25C2F87300CF8788 /* Main.storyboard in Resources */,
			);
			runOnlyForDeploymentPostprocessing = 0;
		};
/* End PBXResourcesBuildPhase section */

/* Begin PBXSourcesBuildPhase section */
		3694DA7E25C2F87300CF8788 /* Sources */ = {
			isa = PBXSourcesBuildPhase;
			buildActionMask = 2147483647;
			files = (
				3694DA8A25C2F87300CF8788 /* FancyViewController.swift in Sources */,
				3694DA9C25C2F95800CF8788 /* FancyButton.swift in Sources */,
				3694DA8625C2F87300CF8788 /* AppDelegate.swift in Sources */,
				3694DA8825C2F87300CF8788 /* SceneDelegate.swift in Sources */,
			);
			runOnlyForDeploymentPostprocessing = 0;
		};
/* End PBXSourcesBuildPhase section */

/* Begin PBXVariantGroup section */
		3694DA8B25C2F87300CF8788 /* Main.storyboard */ = {
			isa = PBXVariantGroup;
			children = (
				3694DA8C25C2F87300CF8788 /* Base */,
			);
			name = Main.storyboard;
			sourceTree = "<group>";
		};
		3694DA9025C2F87700CF8788 /* LaunchScreen.storyboard */ = {
			isa = PBXVariantGroup;
			children = (
				3694DA9125C2F87700CF8788 /* Base */,
			);
			name = LaunchScreen.storyboard;
			sourceTree = "<group>";
		};
/* End PBXVariantGroup section */

/* Begin XCBuildConfiguration section */
		3694DA9425C2F87700CF8788 /* Debug */ = {
			isa = XCBuildConfiguration;
			buildSettings = {
				ALWAYS_SEARCH_USER_PATHS = NO;
				CLANG_ANALYZER_NONNULL = YES;
				CLANG_ANALYZER_NUMBER_OBJECT_CONVERSION = YES_AGGRESSIVE;
				CLANG_CXX_LANGUAGE_STANDARD = "gnu++14";
				CLANG_CXX_LIBRARY = "libc++";
				CLANG_ENABLE_MODULES = YES;
				CLANG_ENABLE_OBJC_ARC = YES;
				CLANG_ENABLE_OBJC_WEAK = YES;
				CLANG_WARN_BLOCK_CAPTURE_AUTORELEASING = YES;
				CLANG_WARN_BOOL_CONVERSION = YES;
				CLANG_WARN_COMMA = YES;
				CLANG_WARN_CONSTANT_CONVERSION = YES;
				CLANG_WARN_DEPRECATED_OBJC_IMPLEMENTATIONS = YES;
				CLANG_WARN_DIRECT_OBJC_ISA_USAGE = YES_ERROR;
				CLANG_WARN_DOCUMENTATION_COMMENTS = YES;
				CLANG_WARN_EMPTY_BODY = YES;
				CLANG_WARN_ENUM_CONVERSION = YES;
				CLANG_WARN_INFINITE_RECURSION = YES;
				CLANG_WARN_INT_CONVERSION = YES;
				CLANG_WARN_NON_LITERAL_NULL_CONVERSION = YES;
				CLANG_WARN_OBJC_IMPLICIT_RETAIN_SELF = YES;
				CLANG_WARN_OBJC_LITERAL_CONVERSION = YES;
				CLANG_WARN_OBJC_ROOT_CLASS = YES_ERROR;
				CLANG_WARN_QUOTED_INCLUDE_IN_FRAMEWORK_HEADER = YES;
				CLANG_WARN_RANGE_LOOP_ANALYSIS = YES;
				CLANG_WARN_STRICT_PROTOTYPES = YES;
				CLANG_WARN_SUSPICIOUS_MOVE = YES;
				CLANG_WARN_UNGUARDED_AVAILABILITY = YES_AGGRESSIVE;
				CLANG_WARN_UNREACHABLE_CODE = YES;
				CLANG_WARN__DUPLICATE_METHOD_MATCH = YES;
				COPY_PHASE_STRIP = NO;
				DEBUG_INFORMATION_FORMAT = dwarf;
				ENABLE_STRICT_OBJC_MSGSEND = YES;
				ENABLE_TESTABILITY = YES;
				GCC_C_LANGUAGE_STANDARD = gnu11;
				GCC_DYNAMIC_NO_PIC = NO;
				GCC_NO_COMMON_BLOCKS = YES;
				GCC_OPTIMIZATION_LEVEL = 0;
				GCC_PREPROCESSOR_DEFINITIONS = (
					"DEBUG=1",
					"$(inherited)",
				);
				GCC_WARN_64_TO_32_BIT_CONVERSION = YES;
				GCC_WARN_ABOUT_RETURN_TYPE = YES_ERROR;
				GCC_WARN_UNDECLARED_SELECTOR = YES;
				GCC_WARN_UNINITIALIZED_AUTOS = YES_AGGRESSIVE;
				GCC_WARN_UNUSED_FUNCTION = YES;
				GCC_WARN_UNUSED_VARIABLE = YES;
				IPHONEOS_DEPLOYMENT_TARGET = 14.2;
				MTL_ENABLE_DEBUG_INFO = INCLUDE_SOURCE;
				MTL_FAST_MATH = YES;
				ONLY_ACTIVE_ARCH = YES;
				SDKROOT = iphoneos;
				SWIFT_ACTIVE_COMPILATION_CONDITIONS = DEBUG;
				SWIFT_OPTIMIZATION_LEVEL = "-Onone";
			};
			name = Debug;
		};
		3694DA9525C2F87700CF8788 /* Release */ = {
			isa = XCBuildConfiguration;
			buildSettings = {
				ALWAYS_SEARCH_USER_PATHS = NO;
				CLANG_ANALYZER_NONNULL = YES;
				CLANG_ANALYZER_NUMBER_OBJECT_CONVERSION = YES_AGGRESSIVE;
				CLANG_CXX_LANGUAGE_STANDARD = "gnu++14";
				CLANG_CXX_LIBRARY = "libc++";
				CLANG_ENABLE_MODULES = YES;
				CLANG_ENABLE_OBJC_ARC = YES;
				CLANG_ENABLE_OBJC_WEAK = YES;
				CLANG_WARN_BLOCK_CAPTURE_AUTORELEASING = YES;
				CLANG_WARN_BOOL_CONVERSION = YES;
				CLANG_WARN_COMMA = YES;
				CLANG_WARN_CONSTANT_CONVERSION = YES;
				CLANG_WARN_DEPRECATED_OBJC_IMPLEMENTATIONS = YES;
				CLANG_WARN_DIRECT_OBJC_ISA_USAGE = YES_ERROR;
				CLANG_WARN_DOCUMENTATION_COMMENTS = YES;
				CLANG_WARN_EMPTY_BODY = YES;
				CLANG_WARN_ENUM_CONVERSION = YES;
				CLANG_WARN_INFINITE_RECURSION = YES;
				CLANG_WARN_INT_CONVERSION = YES;
				CLANG_WARN_NON_LITERAL_NULL_CONVERSION = YES;
				CLANG_WARN_OBJC_IMPLICIT_RETAIN_SELF = YES;
				CLANG_WARN_OBJC_LITERAL_CONVERSION = YES;
				CLANG_WARN_OBJC_ROOT_CLASS = YES_ERROR;
				CLANG_WARN_QUOTED_INCLUDE_IN_FRAMEWORK_HEADER = YES;
				CLANG_WARN_RANGE_LOOP_ANALYSIS = YES;
				CLANG_WARN_STRICT_PROTOTYPES = YES;
				CLANG_WARN_SUSPICIOUS_MOVE = YES;
				CLANG_WARN_UNGUARDED_AVAILABILITY = YES_AGGRESSIVE;
				CLANG_WARN_UNREACHABLE_CODE = YES;
				CLANG_WARN__DUPLICATE_METHOD_MATCH = YES;
				COPY_PHASE_STRIP = NO;
				DEBUG_INFORMATION_FORMAT = "dwarf-with-dsym";
				ENABLE_NS_ASSERTIONS = NO;
				ENABLE_STRICT_OBJC_MSGSEND = YES;
				GCC_C_LANGUAGE_STANDARD = gnu11;
				GCC_NO_COMMON_BLOCKS = YES;
				GCC_WARN_64_TO_32_BIT_CONVERSION = YES;
				GCC_WARN_ABOUT_RETURN_TYPE = YES_ERROR;
				GCC_WARN_UNDECLARED_SELECTOR = YES;
				GCC_WARN_UNINITIALIZED_AUTOS = YES_AGGRESSIVE;
				GCC_WARN_UNUSED_FUNCTION = YES;
				GCC_WARN_UNUSED_VARIABLE = YES;
				IPHONEOS_DEPLOYMENT_TARGET = 14.2;
				MTL_ENABLE_DEBUG_INFO = NO;
				MTL_FAST_MATH = YES;
				SDKROOT = iphoneos;
				SWIFT_COMPILATION_MODE = wholemodule;
				SWIFT_OPTIMIZATION_LEVEL = "-O";
				VALIDATE_PRODUCT = YES;
			};
			name = Release;
		};
		3694DA9725C2F87700CF8788 /* Debug */ = {
			isa = XCBuildConfiguration;
			buildSettings = {
				ASSETCATALOG_COMPILER_APPICON_NAME = AppIcon;
				ASSETCATALOG_COMPILER_GLOBAL_ACCENT_COLOR_NAME = AccentColor;
				CODE_SIGN_STYLE = Automatic;
				DEVELOPMENT_TEAM = NYNY29VPQ4;
				INFOPLIST_FILE = FancyButton/Info.plist;
				LD_RUNPATH_SEARCH_PATHS = (
					"$(inherited)",
					"@executable_path/Frameworks",
				);
				PRODUCT_BUNDLE_IDENTIFIER = com.LaurIle.www.FancyButton;
				PRODUCT_NAME = "$(TARGET_NAME)";
				SWIFT_VERSION = 5.0;
				TARGETED_DEVICE_FAMILY = "1,2";
			};
			name = Debug;
		};
		3694DA9825C2F87700CF8788 /* Release */ = {
			isa = XCBuildConfiguration;
			buildSettings = {
				ASSETCATALOG_COMPILER_APPICON_NAME = AppIcon;
				ASSETCATALOG_COMPILER_GLOBAL_ACCENT_COLOR_NAME = AccentColor;
				CODE_SIGN_STYLE = Automatic;
				DEVELOPMENT_TEAM = NYNY29VPQ4;
				INFOPLIST_FILE = FancyButton/Info.plist;
				LD_RUNPATH_SEARCH_PATHS = (
					"$(inherited)",
					"@executable_path/Frameworks",
				);
				PRODUCT_BUNDLE_IDENTIFIER = com.LaurIle.www.FancyButton;
				PRODUCT_NAME = "$(TARGET_NAME)";
				SWIFT_VERSION = 5.0;
				TARGETED_DEVICE_FAMILY = "1,2";
			};
			name = Release;
		};
/* End XCBuildConfiguration section */

/* Begin XCConfigurationList section */
		3694DA7D25C2F87300CF8788 /* Build configuration list for PBXProject "FancyButton" */ = {
			isa = XCConfigurationList;
			buildConfigurations = (
				3694DA9425C2F87700CF8788 /* Debug */,
				3694DA9525C2F87700CF8788 /* Release */,
			);
			defaultConfigurationIsVisible = 0;
			defaultConfigurationName = Release;
		};
		3694DA9625C2F87700CF8788 /* Build configuration list for PBXNativeTarget "FancyButton" */ = {
			isa = XCConfigurationList;
			buildConfigurations = (
				3694DA9725C2F87700CF8788 /* Debug */,
				3694DA9825C2F87700CF8788 /* Release */,
			);
			defaultConfigurationIsVisible = 0;
			defaultConfigurationName = Release;
		};
/* End XCConfigurationList section */
	};
	rootObject = 3694DA7A25C2F87300CF8788 /* Project object */;
}
